{
  "version": "4",
  "specifiers": {
    "jsr:@std/assert@*": "1.0.9",
    "jsr:@std/assert@^1.0.9": "1.0.9",
    "jsr:@std/async@*": "1.0.9",
    "jsr:@std/expect@*": "1.0.9",
    "jsr:@std/internal@^1.0.5": "1.0.5",
    "npm:hono@*": "4.6.14"
  },
  "jsr": {
    "@std/assert@1.0.9": {
      "integrity": "a9f0c611a869cc791b26f523eec54c7e187aab7932c2c8e8bea0622d13680dcd",
      "dependencies": [
        "jsr:@std/internal"
      ]
    },
    "@std/async@1.0.9": {
      "integrity": "c6472fd0623b3f3daae023cdf7ca5535e1b721dfbf376562c0c12b3fb4867f91"
    },
    "@std/expect@1.0.9": {
      "integrity": "108bb428f17492ac40439479e1dc55fbaae581530e905a8603f97305842a5a01",
      "dependencies": [
        "jsr:@std/assert@^1.0.9",
        "jsr:@std/internal"
      ]
    },
    "@std/internal@1.0.5": {
      "integrity": "54a546004f769c1ac9e025abd15a76b6671ddc9687e2313b67376125650dc7ba"
    }
  },
  "npm": {
    "hono@4.6.14": {
      "integrity": "sha512-j4VkyUp2xazGJ8eCCLN1Vm/bxdvm/j5ZuU9AIjLu9vapn2M44p9L3Ktr9Vnb2RN2QtcR/wVjZVMlT5k7GJQgPw=="
    }
  },
  "workspace": {
    "dependencies": [
      "npm:@hono/zod-validator@*",
      "npm:hono@*",
      "npm:zod@*"
    ]
  }
}
